// !$*UTF8*$!
{
	archiveVersion = 1;
	classes = {
	};
	objectVersion = 56;
	objects = {

/* Begin PBXBuildFile section */
		018BFDDF2C860B6B005B998F /* GlobalFunctions.swift in Sources */ = {isa = PBXBuildFile; fileRef = 018BFDDE2C860B6B005B998F /* GlobalFunctions.swift */; };
		01E982992C85A81000566ED3 /* ObjectModel.swift in Sources */ = {isa = PBXBuildFile; fileRef = 01E982982C85A81000566ED3 /* ObjectModel.swift */; };
		CF41B8552C8F81050026AF0B /* Levels.swift in Sources */ = {isa = PBXBuildFile; fileRef = CF41B8542C8F81050026AF0B /* Levels.swift */; };
		CF7583302C85480100DBEEC7 /* BuildUpApp.swift in Sources */ = {isa = PBXBuildFile; fileRef = CF75832F2C85480100DBEEC7 /* BuildUpApp.swift */; };
		CF7583322C85480100DBEEC7 /* ContentView.swift in Sources */ = {isa = PBXBuildFile; fileRef = CF7583312C85480100DBEEC7 /* ContentView.swift */; };
		CF7583342C85480200DBEEC7 /* Assets.xcassets in Resources */ = {isa = PBXBuildFile; fileRef = CF7583332C85480200DBEEC7 /* Assets.xcassets */; };
		CF7583372C85480200DBEEC7 /* Preview Assets.xcassets in Resources */ = {isa = PBXBuildFile; fileRef = CF7583362C85480200DBEEC7 /* Preview Assets.xcassets */; };
		CF7583402C854AE000DBEEC7 /* GameScene.swift in Sources */ = {isa = PBXBuildFile; fileRef = CF75833F2C854AE000DBEEC7 /* GameScene.swift */; };
		CF7583422C854C5A00DBEEC7 /* GameSceneView.swift in Sources */ = {isa = PBXBuildFile; fileRef = CF7583412C854C5A00DBEEC7 /* GameSceneView.swift */; };
/* End PBXBuildFile section */

/* Begin PBXFileReference section */
		018BFDDE2C860B6B005B998F /* GlobalFunctions.swift */ = {isa = PBXFileReference; lastKnownFileType = sourcecode.swift; path = GlobalFunctions.swift; sourceTree = "<group>"; };
		01E982982C85A81000566ED3 /* ObjectModel.swift */ = {isa = PBXFileReference; lastKnownFileType = sourcecode.swift; path = ObjectModel.swift; sourceTree = "<group>"; };
		CF41B8542C8F81050026AF0B /* Levels.swift */ = {isa = PBXFileReference; lastKnownFileType = sourcecode.swift; path = Levels.swift; sourceTree = "<group>"; };
		CF75832C2C85480100DBEEC7 /* BuildUp.app */ = {isa = PBXFileReference; explicitFileType = wrapper.application; includeInIndex = 0; path = BuildUp.app; sourceTree = BUILT_PRODUCTS_DIR; };
		CF75832F2C85480100DBEEC7 /* BuildUpApp.swift */ = {isa = PBXFileReference; lastKnownFileType = sourcecode.swift; path = BuildUpApp.swift; sourceTree = "<group>"; };
		CF7583312C85480100DBEEC7 /* ContentView.swift */ = {isa = PBXFileReference; lastKnownFileType = sourcecode.swift; path = ContentView.swift; sourceTree = "<group>"; };
		CF7583332C85480200DBEEC7 /* Assets.xcassets */ = {isa = PBXFileReference; lastKnownFileType = folder.assetcatalog; path = Assets.xcassets; sourceTree = "<group>"; };
		CF7583362C85480200DBEEC7 /* Preview Assets.xcassets */ = {isa = PBXFileReference; lastKnownFileType = folder.assetcatalog; path = "Preview Assets.xcassets"; sourceTree = "<group>"; };
		CF75833F2C854AE000DBEEC7 /* GameScene.swift */ = {isa = PBXFileReference; lastKnownFileType = sourcecode.swift; path = GameScene.swift; sourceTree = "<group>"; };
		CF7583412C854C5A00DBEEC7 /* GameSceneView.swift */ = {isa = PBXFileReference; lastKnownFileType = sourcecode.swift; path = GameSceneView.swift; sourceTree = "<group>"; };
/* End PBXFileReference section */

/* Begin PBXFrameworksBuildPhase section */
		CF7583292C85480100DBEEC7 /* Frameworks */ = {
			isa = PBXFrameworksBuildPhase;
			buildActionMask = 2147483647;
			files = (
			);
			runOnlyForDeploymentPostprocessing = 0;
		};
/* End PBXFrameworksBuildPhase section */

/* Begin PBXGroup section */
		CF7583232C85480100DBEEC7 = {
			isa = PBXGroup;
			children = (
				CF75832E2C85480100DBEEC7 /* BuildUp */,
				CF75832D2C85480100DBEEC7 /* Products */,
			);
			sourceTree = "<group>";
		};
		CF75832D2C85480100DBEEC7 /* Products */ = {
			isa = PBXGroup;
			children = (
				CF75832C2C85480100DBEEC7 /* BuildUp.app */,
			);
			name = Products;
			sourceTree = "<group>";
		};
		CF75832E2C85480100DBEEC7 /* BuildUp */ = {
			isa = PBXGroup;
			children = (
				CF75832F2C85480100DBEEC7 /* BuildUpApp.swift */,
				CF7583312C85480100DBEEC7 /* ContentView.swift */,
				CF7583412C854C5A00DBEEC7 /* GameSceneView.swift */,
				CF75833F2C854AE000DBEEC7 /* GameScene.swift */,
				01E982982C85A81000566ED3 /* ObjectModel.swift */,
				CF41B8542C8F81050026AF0B /* Levels.swift */,
				018BFDDE2C860B6B005B998F /* GlobalFunctions.swift */,
				CF7583332C85480200DBEEC7 /* Assets.xcassets */,
				CF7583352C85480200DBEEC7 /* Preview Content */,
			);
			path = BuildUp;
			sourceTree = "<group>";
		};
		CF7583352C85480200DBEEC7 /* Preview Content */ = {
			isa = PBXGroup;
			children = (
				CF7583362C85480200DBEEC7 /* Preview Assets.xcassets */,
			);
			path = "Preview Content";
			sourceTree = "<group>";
		};
/* End PBXGroup section */

/* Begin PBXNativeTarget section */
		CF75832B2C85480100DBEEC7 /* BuildUp */ = {
			isa = PBXNativeTarget;
			buildConfigurationList = CF75833A2C85480200DBEEC7 /* Build configuration list for PBXNativeTarget "BuildUp" */;
			buildPhases = (
				CF7583282C85480100DBEEC7 /* Sources */,
				CF7583292C85480100DBEEC7 /* Frameworks */,
				CF75832A2C85480100DBEEC7 /* Resources */,
			);
			buildRules = (
			);
			dependencies = (
			);
			name = BuildUp;
			productName = BuildUp;
			productReference = CF75832C2C85480100DBEEC7 /* BuildUp.app */;
			productType = "com.apple.product-type.application";
		};
/* End PBXNativeTarget section */

/* Begin PBXProject section */
		CF7583242C85480100DBEEC7 /* Project object */ = {
			isa = PBXProject;
			attributes = {
				BuildIndependentTargetsInParallel = 1;
				LastSwiftUpdateCheck = 1540;
				LastUpgradeCheck = 1540;
				TargetAttributes = {
					CF75832B2C85480100DBEEC7 = {
						CreatedOnToolsVersion = 15.4;
					};
				};
			};
			buildConfigurationList = CF7583272C85480100DBEEC7 /* Build configuration list for PBXProject "BuildUp" */;
			compatibilityVersion = "Xcode 14.0";
			developmentRegion = en;
			hasScannedForEncodings = 0;
			knownRegions = (
				en,
				Base,
			);
			mainGroup = CF7583232C85480100DBEEC7;
			productRefGroup = CF75832D2C85480100DBEEC7 /* Products */;
			projectDirPath = "";
			projectRoot = "";
			targets = (
				CF75832B2C85480100DBEEC7 /* BuildUp */,
			);
		};
/* End PBXProject section */

/* Begin PBXResourcesBuildPhase section */
		CF75832A2C85480100DBEEC7 /* Resources */ = {
			isa = PBXResourcesBuildPhase;
			buildActionMask = 2147483647;
			files = (
				CF7583372C85480200DBEEC7 /* Preview Assets.xcassets in Resources */,
				CF7583342C85480200DBEEC7 /* Assets.xcassets in Resources */,
			);
			runOnlyForDeploymentPostprocessing = 0;
		};
/* End PBXResourcesBuildPhase section */

/* Begin PBXSourcesBuildPhase section */
		CF7583282C85480100DBEEC7 /* Sources */ = {
			isa = PBXSourcesBuildPhase;
			buildActionMask = 2147483647;
			files = (
				CF7583322C85480100DBEEC7 /* ContentView.swift in Sources */,
				CF41B8552C8F81050026AF0B /* Levels.swift in Sources */,
				01E982992C85A81000566ED3 /* ObjectModel.swift in Sources */,
				018BFDDF2C860B6B005B998F /* GlobalFunctions.swift in Sources */,
				CF7583422C854C5A00DBEEC7 /* GameSceneView.swift in Sources */,
				CF7583402C854AE000DBEEC7 /* GameScene.swift in Sources */,
				CF7583302C85480100DBEEC7 /* BuildUpApp.swift in Sources */,
			);
			runOnlyForDeploymentPostprocessing = 0;
		};
/* End PBXSourcesBuildPhase section */

/* Begin XCBuildConfiguration section */
		CF7583382C85480200DBEEC7 /* Debug */ = {
			isa = XCBuildConfiguration;
			buildSettings = {
				ALWAYS_SEARCH_USER_PATHS = NO;
				ASSETCATALOG_COMPILER_GENERATE_SWIFT_ASSET_SYMBOL_EXTENSIONS = YES;
				CLANG_ANALYZER_NONNULL = YES;
				CLANG_ANALYZER_NUMBER_OBJECT_CONVERSION = YES_AGGRESSIVE;
				CLANG_CXX_LANGUAGE_STANDARD = "gnu++20";
				CLANG_ENABLE_MODULES = YES;
				CLANG_ENABLE_OBJC_ARC = YES;
				CLANG_ENABLE_OBJC_WEAK = YES;
				CLANG_WARN_BLOCK_CAPTURE_AUTORELEASING = YES;
				CLANG_WARN_BOOL_CONVERSION = YES;
				CLANG_WARN_COMMA = YES;
				CLANG_WARN_CONSTANT_CONVERSION = YES;
				CLANG_WARN_DEPRECATED_OBJC_IMPLEMENTATIONS = YES;
				CLANG_WARN_DIRECT_OBJC_ISA_USAGE = YES_ERROR;
				CLANG_WARN_DOCUMENTATION_COMMENTS = YES;
				CLANG_WARN_EMPTY_BODY = YES;
				CLANG_WARN_ENUM_CONVERSION = YES;
				CLANG_WARN_INFINITE_RECURSION = YES;
				CLANG_WARN_INT_CONVERSION = YES;
				CLANG_WARN_NON_LITERAL_NULL_CONVERSION = YES;
				CLANG_WARN_OBJC_IMPLICIT_RETAIN_SELF = YES;
				CLANG_WARN_OBJC_LITERAL_CONVERSION = YES;
				CLANG_WARN_OBJC_ROOT_CLASS = YES_ERROR;
				CLANG_WARN_QUOTED_INCLUDE_IN_FRAMEWORK_HEADER = YES;
				CLANG_WARN_RANGE_LOOP_ANALYSIS = YES;
				CLANG_WARN_STRICT_PROTOTYPES = YES;
				CLANG_WARN_SUSPICIOUS_MOVE = YES;
				CLANG_WARN_UNGUARDED_AVAILABILITY = YES_AGGRESSIVE;
				CLANG_WARN_UNREACHABLE_CODE = YES;
				CLANG_WARN__DUPLICATE_METHOD_MATCH = YES;
				COPY_PHASE_STRIP = NO;
				DEBUG_INFORMATION_FORMAT = dwarf;
				ENABLE_STRICT_OBJC_MSGSEND = YES;
				ENABLE_TESTABILITY = YES;
				ENABLE_USER_SCRIPT_SANDBOXING = YES;
				GCC_C_LANGUAGE_STANDARD = gnu17;
				GCC_DYNAMIC_NO_PIC = NO;
				GCC_NO_COMMON_BLOCKS = YES;
				GCC_OPTIMIZATION_LEVEL = 0;
				GCC_PREPROCESSOR_DEFINITIONS = (
					"DEBUG=1",
					"$(inherited)",
				);
				GCC_WARN_64_TO_32_BIT_CONVERSION = YES;
				GCC_WARN_ABOUT_RETURN_TYPE = YES_ERROR;
				GCC_WARN_UNDECLARED_SELECTOR = YES;
				GCC_WARN_UNINITIALIZED_AUTOS = YES_AGGRESSIVE;
				GCC_WARN_UNUSED_FUNCTION = YES;
				GCC_WARN_UNUSED_VARIABLE = YES;
				IPHONEOS_DEPLOYMENT_TARGET = 13.0;
				LOCALIZATION_PREFERS_STRING_CATALOGS = YES;
				MTL_ENABLE_DEBUG_INFO = INCLUDE_SOURCE;
				MTL_FAST_MATH = YES;
				ONLY_ACTIVE_ARCH = YES;
				SDKROOT = iphoneos;
				SWIFT_ACTIVE_COMPILATION_CONDITIONS = "DEBUG $(inherited)";
				SWIFT_OPTIMIZATION_LEVEL = "-Onone";
			};
			name = Debug;
		};
		CF7583392C85480200DBEEC7 /* Release */ = {
			isa = XCBuildConfiguration;
			buildSettings = {
				ALWAYS_SEARCH_USER_PATHS = NO;
				ASSETCATALOG_COMPILER_GENERATE_SWIFT_ASSET_SYMBOL_EXTENSIONS = YES;
				CLANG_ANALYZER_NONNULL = YES;
				CLANG_ANALYZER_NUMBER_OBJECT_CONVERSION = YES_AGGRESSIVE;
				CLANG_CXX_LANGUAGE_STANDARD = "gnu++20";
				CLANG_ENABLE_MODULES = YES;
				CLANG_ENABLE_OBJC_ARC = YES;
				CLANG_ENABLE_OBJC_WEAK = YES;
				CLANG_WARN_BLOCK_CAPTURE_AUTORELEASING = YES;
				CLANG_WARN_BOOL_CONVERSION = YES;
				CLANG_WARN_COMMA = YES;
				CLANG_WARN_CONSTANT_CONVERSION = YES;
				CLANG_WARN_DEPRECATED_OBJC_IMPLEMENTATIONS = YES;
				CLANG_WARN_DIRECT_OBJC_ISA_USAGE = YES_ERROR;
				CLANG_WARN_DOCUMENTATION_COMMENTS = YES;
				CLANG_WARN_EMPTY_BODY = YES;
				CLANG_WARN_ENUM_CONVERSION = YES;
				CLANG_WARN_INFINITE_RECURSION = YES;
				CLANG_WARN_INT_CONVERSION = YES;
				CLANG_WARN_NON_LITERAL_NULL_CONVERSION = YES;
				CLANG_WARN_OBJC_IMPLICIT_RETAIN_SELF = YES;
				CLANG_WARN_OBJC_LITERAL_CONVERSION = YES;
				CLANG_WARN_OBJC_ROOT_CLASS = YES_ERROR;
				CLANG_WARN_QUOTED_INCLUDE_IN_FRAMEWORK_HEADER = YES;
				CLANG_WARN_RANGE_LOOP_ANALYSIS = YES;
				CLANG_WARN_STRICT_PROTOTYPES = YES;
				CLANG_WARN_SUSPICIOUS_MOVE = YES;
				CLANG_WARN_UNGUARDED_AVAILABILITY = YES_AGGRESSIVE;
				CLANG_WARN_UNREACHABLE_CODE = YES;
				CLANG_WARN__DUPLICATE_METHOD_MATCH = YES;
				COPY_PHASE_STRIP = NO;
				DEBUG_INFORMATION_FORMAT = "dwarf-with-dsym";
				ENABLE_NS_ASSERTIONS = NO;
				ENABLE_STRICT_OBJC_MSGSEND = YES;
				ENABLE_USER_SCRIPT_SANDBOXING = YES;
				GCC_C_LANGUAGE_STANDARD = gnu17;
				GCC_NO_COMMON_BLOCKS = YES;
				GCC_WARN_64_TO_32_BIT_CONVERSION = YES;
				GCC_WARN_ABOUT_RETURN_TYPE = YES_ERROR;
				GCC_WARN_UNDECLARED_SELECTOR = YES;
				GCC_WARN_UNINITIALIZED_AUTOS = YES_AGGRESSIVE;
				GCC_WARN_UNUSED_FUNCTION = YES;
				GCC_WARN_UNUSED_VARIABLE = YES;
				IPHONEOS_DEPLOYMENT_TARGET = 13.0;
				LOCALIZATION_PREFERS_STRING_CATALOGS = YES;
				MTL_ENABLE_DEBUG_INFO = NO;
				MTL_FAST_MATH = YES;
				SDKROOT = iphoneos;
				SWIFT_COMPILATION_MODE = wholemodule;
				VALIDATE_PRODUCT = YES;
			};
			name = Release;
		};
		CF75833B2C85480200DBEEC7 /* Debug */ = {
			isa = XCBuildConfiguration;
			buildSettings = {
				ASSETCATALOG_COMPILER_APPICON_NAME = AppIcon;
				ASSETCATALOG_COMPILER_GLOBAL_ACCENT_COLOR_NAME = AccentColor;
				CODE_SIGN_STYLE = Automatic;
				CURRENT_PROJECT_VERSION = 1;
				DEVELOPMENT_ASSET_PATHS = "\"BuildUp/Preview Content\"";
				DEVELOPMENT_TEAM = U6FJ4LV4XK;
				ENABLE_PREVIEWS = YES;
				GENERATE_INFOPLIST_FILE = YES;
				INFOPLIST_KEY_UIApplicationSceneManifest_Generation = YES;
				INFOPLIST_KEY_UIApplicationSupportsIndirectInputEvents = YES;
				INFOPLIST_KEY_UILaunchScreen_Generation = YES;
				INFOPLIST_KEY_UISupportedInterfaceOrientations = "UIInterfaceOrientationPortrait UIInterfaceOrientationPortraitUpsideDown";
				IPHONEOS_DEPLOYMENT_TARGET = 14.0;
				LD_RUNPATH_SEARCH_PATHS = (
					"$(inherited)",
					"@executable_path/Frameworks",
				);
				MARKETING_VERSION = 1.0;
				PRODUCT_BUNDLE_IDENTIFIER = SwiftUI.BuildUp;
				PRODUCT_NAME = "$(TARGET_NAME)";
				SWIFT_EMIT_LOC_STRINGS = YES;
				SWIFT_VERSION = 5.0;
				TARGETED_DEVICE_FAMILY = "1,2";
			};
			name = Debug;
		};
		CF75833C2C85480200DBEEC7 /* Release */ = {
			isa = XCBuildConfiguration;
			buildSettings = {
				ASSETCATALOG_COMPILER_APPICON_NAME = AppIcon;
				ASSETCATALOG_COMPILER_GLOBAL_ACCENT_COLOR_NAME = AccentColor;
				CODE_SIGN_STYLE = Automatic;
				CURRENT_PROJECT_VERSION = 1;
				DEVELOPMENT_ASSET_PATHS = "\"BuildUp/Preview Content\"";
				DEVELOPMENT_TEAM = U6FJ4LV4XK;
				ENABLE_PREVIEWS = YES;
				GENERATE_INFOPLIST_FILE = YES;
				INFOPLIST_KEY_UIApplicationSceneManifest_Generation = YES;
				INFOPLIST_KEY_UIApplicationSupportsIndirectInputEvents = YES;
				INFOPLIST_KEY_UILaunchScreen_Generation = YES;
				INFOPLIST_KEY_UISupportedInterfaceOrientations = "UIInterfaceOrientationPortrait UIInterfaceOrientationPortraitUpsideDown";
				IPHONEOS_DEPLOYMENT_TARGET = 14.0;
				LD_RUNPATH_SEARCH_PATHS = (
					"$(inherited)",
					"@executable_path/Frameworks",
				);
				MARKETING_VERSION = 1.0;
				PRODUCT_BUNDLE_IDENTIFIER = SwiftUI.BuildUp;
				PRODUCT_NAME = "$(TARGET_NAME)";
				SWIFT_EMIT_LOC_STRINGS = YES;
				SWIFT_VERSION = 5.0;
				TARGETED_DEVICE_FAMILY = "1,2";
			};
			name = Release;
		};
/* End XCBuildConfiguration section */

/* Begin XCConfigurationList section */
		CF7583272C85480100DBEEC7 /* Build configuration list for PBXProject "BuildUp" */ = {
			isa = XCConfigurationList;
			buildConfigurations = (
				CF7583382C85480200DBEEC7 /* Debug */,
				CF7583392C85480200DBEEC7 /* Release */,
			);
			defaultConfigurationIsVisible = 0;
			defaultConfigurationName = Release;
		};
		CF75833A2C85480200DBEEC7 /* Build configuration list for PBXNativeTarget "BuildUp" */ = {
			isa = XCConfigurationList;
			buildConfigurations = (
				CF75833B2C85480200DBEEC7 /* Debug */,
				CF75833C2C85480200DBEEC7 /* Release */,
			);
			defaultConfigurationIsVisible = 0;
			defaultConfigurationName = Release;
		};
/* End XCConfigurationList section */
	};
	rootObject = CF7583242C85480100DBEEC7 /* Project object */;
}
